// !$*UTF8*$!
{
	archiveVersion = 1;
	classes = {
	};
	objectVersion = 56;
	objects = {

/* Begin PBXBuildFile section */
		1F09BFE72B19AFBD009819C1 /* MicrochatApp.swift in Sources */ = {isa = PBXBuildFile; fileRef = 1F09BFE62B19AFBD009819C1 /* MicrochatApp.swift */; };
		1F09BFEB2B19AFBF009819C1 /* Assets.xcassets in Resources */ = {isa = PBXBuildFile; fileRef = 1F09BFEA2B19AFBF009819C1 /* Assets.xcassets */; };
		1F09BFEE2B19AFBF009819C1 /* Preview Assets.xcassets in Resources */ = {isa = PBXBuildFile; fileRef = 1F09BFED2B19AFBF009819C1 /* Preview Assets.xcassets */; };
		1F09BFF82B19AFBF009819C1 /* MicrochatTests.swift in Sources */ = {isa = PBXBuildFile; fileRef = 1F09BFF72B19AFBF009819C1 /* MicrochatTests.swift */; };
		1F09C0122B19B004009819C1 /* ComposableArchitecture in Frameworks */ = {isa = PBXBuildFile; productRef = 1F09C0112B19B004009819C1 /* ComposableArchitecture */; };
		1F09C0172B19B093009819C1 /* MessageBubbleView.swift in Sources */ = {isa = PBXBuildFile; fileRef = 1F09C0162B19B093009819C1 /* MessageBubbleView.swift */; };
		1F09C0192B19BE48009819C1 /* Conversation.swift in Sources */ = {isa = PBXBuildFile; fileRef = 1F09C0182B19BE48009819C1 /* Conversation.swift */; };
		1F09C01B2B19BE83009819C1 /* Message.swift in Sources */ = {isa = PBXBuildFile; fileRef = 1F09C01A2B19BE83009819C1 /* Message.swift */; };
		1F09C01E2B19C143009819C1 /* ChatView.swift in Sources */ = {isa = PBXBuildFile; fileRef = 1F09C01D2B19C143009819C1 /* ChatView.swift */; };
		1F09C0202B19C14E009819C1 /* ChatFeature.swift in Sources */ = {isa = PBXBuildFile; fileRef = 1F09C01F2B19C14E009819C1 /* ChatFeature.swift */; };
		1F09C0222B19C165009819C1 /* ChatClient.swift in Sources */ = {isa = PBXBuildFile; fileRef = 1F09C0212B19C165009819C1 /* ChatClient.swift */; };
/* End PBXBuildFile section */

/* Begin PBXContainerItemProxy section */
		1F09BFF42B19AFBF009819C1 /* PBXContainerItemProxy */ = {
			isa = PBXContainerItemProxy;
			containerPortal = 1F09BFDB2B19AFBD009819C1 /* Project object */;
			proxyType = 1;
			remoteGlobalIDString = 1F09BFE22B19AFBD009819C1;
			remoteInfo = Microchat;
		};
/* End PBXContainerItemProxy section */

/* Begin PBXFileReference section */
		1F09BFE32B19AFBD009819C1 /* Microchat.app */ = {isa = PBXFileReference; explicitFileType = wrapper.application; includeInIndex = 0; path = Microchat.app; sourceTree = BUILT_PRODUCTS_DIR; };
		1F09BFE62B19AFBD009819C1 /* MicrochatApp.swift */ = {isa = PBXFileReference; lastKnownFileType = sourcecode.swift; path = MicrochatApp.swift; sourceTree = "<group>"; };
		1F09BFEA2B19AFBF009819C1 /* Assets.xcassets */ = {isa = PBXFileReference; lastKnownFileType = folder.assetcatalog; path = Assets.xcassets; sourceTree = "<group>"; };
		1F09BFED2B19AFBF009819C1 /* Preview Assets.xcassets */ = {isa = PBXFileReference; lastKnownFileType = folder.assetcatalog; path = "Preview Assets.xcassets"; sourceTree = "<group>"; };
		1F09BFF32B19AFBF009819C1 /* MicrochatTests.xctest */ = {isa = PBXFileReference; explicitFileType = wrapper.cfbundle; includeInIndex = 0; path = MicrochatTests.xctest; sourceTree = BUILT_PRODUCTS_DIR; };
		1F09BFF72B19AFBF009819C1 /* MicrochatTests.swift */ = {isa = PBXFileReference; lastKnownFileType = sourcecode.swift; path = MicrochatTests.swift; sourceTree = "<group>"; };
		1F09C0162B19B093009819C1 /* MessageBubbleView.swift */ = {isa = PBXFileReference; lastKnownFileType = sourcecode.swift; path = MessageBubbleView.swift; sourceTree = "<group>"; };
		1F09C0182B19BE48009819C1 /* Conversation.swift */ = {isa = PBXFileReference; lastKnownFileType = sourcecode.swift; path = Conversation.swift; sourceTree = "<group>"; };
		1F09C01A2B19BE83009819C1 /* Message.swift */ = {isa = PBXFileReference; lastKnownFileType = sourcecode.swift; path = Message.swift; sourceTree = "<group>"; };
		1F09C01D2B19C143009819C1 /* ChatView.swift */ = {isa = PBXFileReference; lastKnownFileType = sourcecode.swift; path = ChatView.swift; sourceTree = "<group>"; };
		1F09C01F2B19C14E009819C1 /* ChatFeature.swift */ = {isa = PBXFileReference; lastKnownFileType = sourcecode.swift; path = ChatFeature.swift; sourceTree = "<group>"; };
		1F09C0212B19C165009819C1 /* ChatClient.swift */ = {isa = PBXFileReference; lastKnownFileType = sourcecode.swift; path = ChatClient.swift; sourceTree = "<group>"; };
/* End PBXFileReference section */

/* Begin PBXFrameworksBuildPhase section */
		1F09BFE02B19AFBD009819C1 /* Frameworks */ = {
			isa = PBXFrameworksBuildPhase;
			buildActionMask = 2147483647;
			files = (
				1F09C0122B19B004009819C1 /* ComposableArchitecture in Frameworks */,
			);
			runOnlyForDeploymentPostprocessing = 0;
		};
		1F09BFF02B19AFBF009819C1 /* Frameworks */ = {
			isa = PBXFrameworksBuildPhase;
			buildActionMask = 2147483647;
			files = (
			);
			runOnlyForDeploymentPostprocessing = 0;
		};
/* End PBXFrameworksBuildPhase section */

/* Begin PBXGroup section */
		1F09BFDA2B19AFBD009819C1 = {
			isa = PBXGroup;
			children = (
				1F09BFE52B19AFBD009819C1 /* Microchat */,
				1F09BFF62B19AFBF009819C1 /* MicrochatTests */,
				1F09BFE42B19AFBD009819C1 /* Products */,
			);
			sourceTree = "<group>";
		};
		1F09BFE42B19AFBD009819C1 /* Products */ = {
			isa = PBXGroup;
			children = (
				1F09BFE32B19AFBD009819C1 /* Microchat.app */,
				1F09BFF32B19AFBF009819C1 /* MicrochatTests.xctest */,
			);
			name = Products;
			sourceTree = "<group>";
		};
		1F09BFE52B19AFBD009819C1 /* Microchat */ = {
			isa = PBXGroup;
			children = (
				1F09BFE62B19AFBD009819C1 /* MicrochatApp.swift */,
				1F09C01C2B19C0F5009819C1 /* Chat */,
				1F09C0152B19B075009819C1 /* UI */,
				1F09C0132B19B05C009819C1 /* Models */,
				1F09BFEA2B19AFBF009819C1 /* Assets.xcassets */,
				1F09BFEC2B19AFBF009819C1 /* Preview Content */,
			);
			path = Microchat;
			sourceTree = "<group>";
		};
		1F09BFEC2B19AFBF009819C1 /* Preview Content */ = {
			isa = PBXGroup;
			children = (
				1F09BFED2B19AFBF009819C1 /* Preview Assets.xcassets */,
			);
			path = "Preview Content";
			sourceTree = "<group>";
		};
		1F09BFF62B19AFBF009819C1 /* MicrochatTests */ = {
			isa = PBXGroup;
			children = (
				1F09BFF72B19AFBF009819C1 /* MicrochatTests.swift */,
			);
			path = MicrochatTests;
			sourceTree = "<group>";
		};
		1F09C0132B19B05C009819C1 /* Models */ = {
			isa = PBXGroup;
			children = (
				1F09C0182B19BE48009819C1 /* Conversation.swift */,
				1F09C01A2B19BE83009819C1 /* Message.swift */,
			);
			path = Models;
			sourceTree = "<group>";
		};
		1F09C0152B19B075009819C1 /* UI */ = {
			isa = PBXGroup;
			children = (
				1F09C0162B19B093009819C1 /* MessageBubbleView.swift */,
			);
			path = UI;
			sourceTree = "<group>";
		};
		1F09C01C2B19C0F5009819C1 /* Chat */ = {
			isa = PBXGroup;
			children = (
				1F09C01D2B19C143009819C1 /* ChatView.swift */,
				1F09C01F2B19C14E009819C1 /* ChatFeature.swift */,
				1F09C0212B19C165009819C1 /* ChatClient.swift */,
			);
			path = Chat;
			sourceTree = "<group>";
		};
/* End PBXGroup section */

/* Begin PBXNativeTarget section */
		1F09BFE22B19AFBD009819C1 /* Microchat */ = {
			isa = PBXNativeTarget;
			buildConfigurationList = 1F09C0072B19AFBF009819C1 /* Build configuration list for PBXNativeTarget "Microchat" */;
			buildPhases = (
				1F09BFDF2B19AFBD009819C1 /* Sources */,
				1F09BFE02B19AFBD009819C1 /* Frameworks */,
				1F09BFE12B19AFBD009819C1 /* Resources */,
			);
			buildRules = (
			);
			dependencies = (
			);
			name = Microchat;
			packageProductDependencies = (
				1F09C0112B19B004009819C1 /* ComposableArchitecture */,
			);
			productName = Microchat;
			productReference = 1F09BFE32B19AFBD009819C1 /* Microchat.app */;
			productType = "com.apple.product-type.application";
		};
		1F09BFF22B19AFBF009819C1 /* MicrochatTests */ = {
			isa = PBXNativeTarget;
			buildConfigurationList = 1F09C00A2B19AFBF009819C1 /* Build configuration list for PBXNativeTarget "MicrochatTests" */;
			buildPhases = (
				1F09BFEF2B19AFBF009819C1 /* Sources */,
				1F09BFF02B19AFBF009819C1 /* Frameworks */,
				1F09BFF12B19AFBF009819C1 /* Resources */,
			);
			buildRules = (
			);
			dependencies = (
				1F09BFF52B19AFBF009819C1 /* PBXTargetDependency */,
			);
			name = MicrochatTests;
			productName = MicrochatTests;
			productReference = 1F09BFF32B19AFBF009819C1 /* MicrochatTests.xctest */;
			productType = "com.apple.product-type.bundle.unit-test";
		};
/* End PBXNativeTarget section */

/* Begin PBXProject section */
		1F09BFDB2B19AFBD009819C1 /* Project object */ = {
			isa = PBXProject;
			attributes = {
				BuildIndependentTargetsInParallel = 1;
				LastSwiftUpdateCheck = 1500;
				LastUpgradeCheck = 1500;
				TargetAttributes = {
					1F09BFE22B19AFBD009819C1 = {
						CreatedOnToolsVersion = 15.0;
					};
					1F09BFF22B19AFBF009819C1 = {
						CreatedOnToolsVersion = 15.0;
						TestTargetID = 1F09BFE22B19AFBD009819C1;
					};
				};
			};
			buildConfigurationList = 1F09BFDE2B19AFBD009819C1 /* Build configuration list for PBXProject "Microchat" */;
			compatibilityVersion = "Xcode 14.0";
			developmentRegion = en;
			hasScannedForEncodings = 0;
			knownRegions = (
				en,
				Base,
			);
			mainGroup = 1F09BFDA2B19AFBD009819C1;
			packageReferences = (
				1F09C0102B19B004009819C1 /* XCRemoteSwiftPackageReference "swift-composable-architecture" */,
			);
			productRefGroup = 1F09BFE42B19AFBD009819C1 /* Products */;
			projectDirPath = "";
			projectRoot = "";
			targets = (
				1F09BFE22B19AFBD009819C1 /* Microchat */,
				1F09BFF22B19AFBF009819C1 /* MicrochatTests */,
			);
		};
/* End PBXProject section */

/* Begin PBXResourcesBuildPhase section */
		1F09BFE12B19AFBD009819C1 /* Resources */ = {
			isa = PBXResourcesBuildPhase;
			buildActionMask = 2147483647;
			files = (
				1F09BFEE2B19AFBF009819C1 /* Preview Assets.xcassets in Resources */,
				1F09BFEB2B19AFBF009819C1 /* Assets.xcassets in Resources */,
			);
			runOnlyForDeploymentPostprocessing = 0;
		};
		1F09BFF12B19AFBF009819C1 /* Resources */ = {
			isa = PBXResourcesBuildPhase;
			buildActionMask = 2147483647;
			files = (
			);
			runOnlyForDeploymentPostprocessing = 0;
		};
/* End PBXResourcesBuildPhase section */

/* Begin PBXSourcesBuildPhase section */
		1F09BFDF2B19AFBD009819C1 /* Sources */ = {
			isa = PBXSourcesBuildPhase;
			buildActionMask = 2147483647;
			files = (
				1F09C0192B19BE48009819C1 /* Conversation.swift in Sources */,
				1F09C0222B19C165009819C1 /* ChatClient.swift in Sources */,
				1F09C01B2B19BE83009819C1 /* Message.swift in Sources */,
				1F09BFE72B19AFBD009819C1 /* MicrochatApp.swift in Sources */,
				1F09C0202B19C14E009819C1 /* ChatFeature.swift in Sources */,
				1F09C01E2B19C143009819C1 /* ChatView.swift in Sources */,
				1F09C0172B19B093009819C1 /* MessageBubbleView.swift in Sources */,
			);
			runOnlyForDeploymentPostprocessing = 0;
		};
		1F09BFEF2B19AFBF009819C1 /* Sources */ = {
			isa = PBXSourcesBuildPhase;
			buildActionMask = 2147483647;
			files = (
				1F09BFF82B19AFBF009819C1 /* MicrochatTests.swift in Sources */,
			);
			runOnlyForDeploymentPostprocessing = 0;
		};
/* End PBXSourcesBuildPhase section */

/* Begin PBXTargetDependency section */
		1F09BFF52B19AFBF009819C1 /* PBXTargetDependency */ = {
			isa = PBXTargetDependency;
			target = 1F09BFE22B19AFBD009819C1 /* Microchat */;
			targetProxy = 1F09BFF42B19AFBF009819C1 /* PBXContainerItemProxy */;
		};
/* End PBXTargetDependency section */

/* Begin XCBuildConfiguration section */
		1F09C0052B19AFBF009819C1 /* Debug */ = {
			isa = XCBuildConfiguration;
			buildSettings = {
				ALWAYS_SEARCH_USER_PATHS = NO;
				ASSETCATALOG_COMPILER_GENERATE_SWIFT_ASSET_SYMBOL_EXTENSIONS = YES;
				CLANG_ANALYZER_NONNULL = YES;
				CLANG_ANALYZER_NUMBER_OBJECT_CONVERSION = YES_AGGRESSIVE;
				CLANG_CXX_LANGUAGE_STANDARD = "gnu++20";
				CLANG_ENABLE_MODULES = YES;
				CLANG_ENABLE_OBJC_ARC = YES;
				CLANG_ENABLE_OBJC_WEAK = YES;
				CLANG_WARN_BLOCK_CAPTURE_AUTORELEASING = YES;
				CLANG_WARN_BOOL_CONVERSION = YES;
				CLANG_WARN_COMMA = YES;
				CLANG_WARN_CONSTANT_CONVERSION = YES;
				CLANG_WARN_DEPRECATED_OBJC_IMPLEMENTATIONS = YES;
				CLANG_WARN_DIRECT_OBJC_ISA_USAGE = YES_ERROR;
				CLANG_WARN_DOCUMENTATION_COMMENTS = YES;
				CLANG_WARN_EMPTY_BODY = YES;
				CLANG_WARN_ENUM_CONVERSION = YES;
				CLANG_WARN_INFINITE_RECURSION = YES;
				CLANG_WARN_INT_CONVERSION = YES;
				CLANG_WARN_NON_LITERAL_NULL_CONVERSION = YES;
				CLANG_WARN_OBJC_IMPLICIT_RETAIN_SELF = YES;
				CLANG_WARN_OBJC_LITERAL_CONVERSION = YES;
				CLANG_WARN_OBJC_ROOT_CLASS = YES_ERROR;
				CLANG_WARN_QUOTED_INCLUDE_IN_FRAMEWORK_HEADER = YES;
				CLANG_WARN_RANGE_LOOP_ANALYSIS = YES;
				CLANG_WARN_STRICT_PROTOTYPES = YES;
				CLANG_WARN_SUSPICIOUS_MOVE = YES;
				CLANG_WARN_UNGUARDED_AVAILABILITY = YES_AGGRESSIVE;
				CLANG_WARN_UNREACHABLE_CODE = YES;
				CLANG_WARN__DUPLICATE_METHOD_MATCH = YES;
				COPY_PHASE_STRIP = NO;
				DEBUG_INFORMATION_FORMAT = dwarf;
				ENABLE_STRICT_OBJC_MSGSEND = YES;
				ENABLE_TESTABILITY = YES;
				ENABLE_USER_SCRIPT_SANDBOXING = YES;
				GCC_C_LANGUAGE_STANDARD = gnu17;
				GCC_DYNAMIC_NO_PIC = NO;
				GCC_NO_COMMON_BLOCKS = YES;
				GCC_OPTIMIZATION_LEVEL = 0;
				GCC_PREPROCESSOR_DEFINITIONS = (
					"DEBUG=1",
					"$(inherited)",
				);
				GCC_WARN_64_TO_32_BIT_CONVERSION = YES;
				GCC_WARN_ABOUT_RETURN_TYPE = YES_ERROR;
				GCC_WARN_UNDECLARED_SELECTOR = YES;
				GCC_WARN_UNINITIALIZED_AUTOS = YES_AGGRESSIVE;
				GCC_WARN_UNUSED_FUNCTION = YES;
				GCC_WARN_UNUSED_VARIABLE = YES;
				IPHONEOS_DEPLOYMENT_TARGET = 17.0;
				LOCALIZATION_PREFERS_STRING_CATALOGS = YES;
				MTL_ENABLE_DEBUG_INFO = INCLUDE_SOURCE;
				MTL_FAST_MATH = YES;
				ONLY_ACTIVE_ARCH = YES;
				SDKROOT = iphoneos;
				SWIFT_ACTIVE_COMPILATION_CONDITIONS = "DEBUG $(inherited)";
				SWIFT_OPTIMIZATION_LEVEL = "-Onone";
			};
			name = Debug;
		};
		1F09C0062B19AFBF009819C1 /* Release */ = {
			isa = XCBuildConfiguration;
			buildSettings = {
				ALWAYS_SEARCH_USER_PATHS = NO;
				ASSETCATALOG_COMPILER_GENERATE_SWIFT_ASSET_SYMBOL_EXTENSIONS = YES;
				CLANG_ANALYZER_NONNULL = YES;
				CLANG_ANALYZER_NUMBER_OBJECT_CONVERSION = YES_AGGRESSIVE;
				CLANG_CXX_LANGUAGE_STANDARD = "gnu++20";
				CLANG_ENABLE_MODULES = YES;
				CLANG_ENABLE_OBJC_ARC = YES;
				CLANG_ENABLE_OBJC_WEAK = YES;
				CLANG_WARN_BLOCK_CAPTURE_AUTORELEASING = YES;
				CLANG_WARN_BOOL_CONVERSION = YES;
				CLANG_WARN_COMMA = YES;
				CLANG_WARN_CONSTANT_CONVERSION = YES;
				CLANG_WARN_DEPRECATED_OBJC_IMPLEMENTATIONS = YES;
				CLANG_WARN_DIRECT_OBJC_ISA_USAGE = YES_ERROR;
				CLANG_WARN_DOCUMENTATION_COMMENTS = YES;
				CLANG_WARN_EMPTY_BODY = YES;
				CLANG_WARN_ENUM_CONVERSION = YES;
				CLANG_WARN_INFINITE_RECURSION = YES;
				CLANG_WARN_INT_CONVERSION = YES;
				CLANG_WARN_NON_LITERAL_NULL_CONVERSION = YES;
				CLANG_WARN_OBJC_IMPLICIT_RETAIN_SELF = YES;
				CLANG_WARN_OBJC_LITERAL_CONVERSION = YES;
				CLANG_WARN_OBJC_ROOT_CLASS = YES_ERROR;
				CLANG_WARN_QUOTED_INCLUDE_IN_FRAMEWORK_HEADER = YES;
				CLANG_WARN_RANGE_LOOP_ANALYSIS = YES;
				CLANG_WARN_STRICT_PROTOTYPES = YES;
				CLANG_WARN_SUSPICIOUS_MOVE = YES;
				CLANG_WARN_UNGUARDED_AVAILABILITY = YES_AGGRESSIVE;
				CLANG_WARN_UNREACHABLE_CODE = YES;
				CLANG_WARN__DUPLICATE_METHOD_MATCH = YES;
				COPY_PHASE_STRIP = NO;
				DEBUG_INFORMATION_FORMAT = "dwarf-with-dsym";
				ENABLE_NS_ASSERTIONS = NO;
				ENABLE_STRICT_OBJC_MSGSEND = YES;
				ENABLE_USER_SCRIPT_SANDBOXING = YES;
				GCC_C_LANGUAGE_STANDARD = gnu17;
				GCC_NO_COMMON_BLOCKS = YES;
				GCC_WARN_64_TO_32_BIT_CONVERSION = YES;
				GCC_WARN_ABOUT_RETURN_TYPE = YES_ERROR;
				GCC_WARN_UNDECLARED_SELECTOR = YES;
				GCC_WARN_UNINITIALIZED_AUTOS = YES_AGGRESSIVE;
				GCC_WARN_UNUSED_FUNCTION = YES;
				GCC_WARN_UNUSED_VARIABLE = YES;
				IPHONEOS_DEPLOYMENT_TARGET = 17.0;
				LOCALIZATION_PREFERS_STRING_CATALOGS = YES;
				MTL_ENABLE_DEBUG_INFO = NO;
				MTL_FAST_MATH = YES;
				SDKROOT = iphoneos;
				SWIFT_COMPILATION_MODE = wholemodule;
				VALIDATE_PRODUCT = YES;
			};
			name = Release;
		};
		1F09C0082B19AFBF009819C1 /* Debug */ = {
			isa = XCBuildConfiguration;
			buildSettings = {
				ASSETCATALOG_COMPILER_APPICON_NAME = AppIcon;
				ASSETCATALOG_COMPILER_GLOBAL_ACCENT_COLOR_NAME = AccentColor;
				CODE_SIGN_STYLE = Automatic;
				CURRENT_PROJECT_VERSION = 1;
				DEVELOPMENT_ASSET_PATHS = "\"Microchat/Preview Content\"";
				DEVELOPMENT_TEAM = 8Q5A7FFBM5;
				ENABLE_PREVIEWS = YES;
				GENERATE_INFOPLIST_FILE = YES;
				INFOPLIST_KEY_UIApplicationSceneManifest_Generation = YES;
				INFOPLIST_KEY_UIApplicationSupportsIndirectInputEvents = YES;
				INFOPLIST_KEY_UILaunchScreen_Generation = YES;
				INFOPLIST_KEY_UISupportedInterfaceOrientations_iPad = "UIInterfaceOrientationPortrait UIInterfaceOrientationPortraitUpsideDown UIInterfaceOrientationLandscapeLeft UIInterfaceOrientationLandscapeRight";
				INFOPLIST_KEY_UISupportedInterfaceOrientations_iPhone = "UIInterfaceOrientationPortrait UIInterfaceOrientationLandscapeLeft UIInterfaceOrientationLandscapeRight";
				LD_RUNPATH_SEARCH_PATHS = (
					"$(inherited)",
					"@executable_path/Frameworks",
				);
				MARKETING_VERSION = 1.0;
				PRODUCT_BUNDLE_IDENTIFIER = ai.gosign.Microchat;
				PRODUCT_NAME = "$(TARGET_NAME)";
				SWIFT_EMIT_LOC_STRINGS = YES;
				SWIFT_VERSION = 5.0;
				TARGETED_DEVICE_FAMILY = "1,2";
			};
			name = Debug;
		};
		1F09C0092B19AFBF009819C1 /* Release */ = {
			isa = XCBuildConfiguration;
			buildSettings = {
				ASSETCATALOG_COMPILER_APPICON_NAME = AppIcon;
				ASSETCATALOG_COMPILER_GLOBAL_ACCENT_COLOR_NAME = AccentColor;
				CODE_SIGN_STYLE = Automatic;
				CURRENT_PROJECT_VERSION = 1;
				DEVELOPMENT_ASSET_PATHS = "\"Microchat/Preview Content\"";
				DEVELOPMENT_TEAM = 8Q5A7FFBM5;
				ENABLE_PREVIEWS = YES;
				GENERATE_INFOPLIST_FILE = YES;
				INFOPLIST_KEY_UIApplicationSceneManifest_Generation = YES;
				INFOPLIST_KEY_UIApplicationSupportsIndirectInputEvents = YES;
				INFOPLIST_KEY_UILaunchScreen_Generation = YES;
				INFOPLIST_KEY_UISupportedInterfaceOrientations_iPad = "UIInterfaceOrientationPortrait UIInterfaceOrientationPortraitUpsideDown UIInterfaceOrientationLandscapeLeft UIInterfaceOrientationLandscapeRight";
				INFOPLIST_KEY_UISupportedInterfaceOrientations_iPhone = "UIInterfaceOrientationPortrait UIInterfaceOrientationLandscapeLeft UIInterfaceOrientationLandscapeRight";
				LD_RUNPATH_SEARCH_PATHS = (
					"$(inherited)",
					"@executable_path/Frameworks",
				);
				MARKETING_VERSION = 1.0;
				PRODUCT_BUNDLE_IDENTIFIER = ai.gosign.Microchat;
				PRODUCT_NAME = "$(TARGET_NAME)";
				SWIFT_EMIT_LOC_STRINGS = YES;
				SWIFT_VERSION = 5.0;
				TARGETED_DEVICE_FAMILY = "1,2";
			};
			name = Release;
		};
		1F09C00B2B19AFBF009819C1 /* Debug */ = {
			isa = XCBuildConfiguration;
			buildSettings = {
				ALWAYS_EMBED_SWIFT_STANDARD_LIBRARIES = YES;
				BUNDLE_LOADER = "$(TEST_HOST)";
				CODE_SIGN_STYLE = Automatic;
				CURRENT_PROJECT_VERSION = 1;
				DEVELOPMENT_TEAM = 8Q5A7FFBM5;
				GENERATE_INFOPLIST_FILE = YES;
				IPHONEOS_DEPLOYMENT_TARGET = 17.0;
				MARKETING_VERSION = 1.0;
				PRODUCT_BUNDLE_IDENTIFIER = ai.gosign.MicrochatTests;
				PRODUCT_NAME = "$(TARGET_NAME)";
				SWIFT_EMIT_LOC_STRINGS = NO;
				SWIFT_VERSION = 5.0;
				TARGETED_DEVICE_FAMILY = "1,2";
				TEST_HOST = "$(BUILT_PRODUCTS_DIR)/Microchat.app/$(BUNDLE_EXECUTABLE_FOLDER_PATH)/Microchat";
			};
			name = Debug;
		};
		1F09C00C2B19AFBF009819C1 /* Release */ = {
			isa = XCBuildConfiguration;
			buildSettings = {
				ALWAYS_EMBED_SWIFT_STANDARD_LIBRARIES = YES;
				BUNDLE_LOADER = "$(TEST_HOST)";
				CODE_SIGN_STYLE = Automatic;
				CURRENT_PROJECT_VERSION = 1;
				DEVELOPMENT_TEAM = 8Q5A7FFBM5;
				GENERATE_INFOPLIST_FILE = YES;
				IPHONEOS_DEPLOYMENT_TARGET = 17.0;
				MARKETING_VERSION = 1.0;
				PRODUCT_BUNDLE_IDENTIFIER = ai.gosign.MicrochatTests;
				PRODUCT_NAME = "$(TARGET_NAME)";
				SWIFT_EMIT_LOC_STRINGS = NO;
				SWIFT_VERSION = 5.0;
				TARGETED_DEVICE_FAMILY = "1,2";
				TEST_HOST = "$(BUILT_PRODUCTS_DIR)/Microchat.app/$(BUNDLE_EXECUTABLE_FOLDER_PATH)/Microchat";
			};
			name = Release;
		};
/* End XCBuildConfiguration section */

/* Begin XCConfigurationList section */
		1F09BFDE2B19AFBD009819C1 /* Build configuration list for PBXProject "Microchat" */ = {
			isa = XCConfigurationList;
			buildConfigurations = (
				1F09C0052B19AFBF009819C1 /* Debug */,
				1F09C0062B19AFBF009819C1 /* Release */,
			);
			defaultConfigurationIsVisible = 0;
			defaultConfigurationName = Release;
		};
		1F09C0072B19AFBF009819C1 /* Build configuration list for PBXNativeTarget "Microchat" */ = {
			isa = XCConfigurationList;
			buildConfigurations = (
				1F09C0082B19AFBF009819C1 /* Debug */,
				1F09C0092B19AFBF009819C1 /* Release */,
			);
			defaultConfigurationIsVisible = 0;
			defaultConfigurationName = Release;
		};
		1F09C00A2B19AFBF009819C1 /* Build configuration list for PBXNativeTarget "MicrochatTests" */ = {
			isa = XCConfigurationList;
			buildConfigurations = (
				1F09C00B2B19AFBF009819C1 /* Debug */,
				1F09C00C2B19AFBF009819C1 /* Release */,
			);
			defaultConfigurationIsVisible = 0;
			defaultConfigurationName = Release;
		};
/* End XCConfigurationList section */

/* Begin XCRemoteSwiftPackageReference section */
		1F09C0102B19B004009819C1 /* XCRemoteSwiftPackageReference "swift-composable-architecture" */ = {
			isa = XCRemoteSwiftPackageReference;
			repositoryURL = "https://github.com/pointfreeco/swift-composable-architecture";
			requirement = {
				kind = upToNextMajorVersion;
				minimumVersion = 1.5.0;
			};
		};
/* End XCRemoteSwiftPackageReference section */

/* Begin XCSwiftPackageProductDependency section */
		1F09C0112B19B004009819C1 /* ComposableArchitecture */ = {
			isa = XCSwiftPackageProductDependency;
			package = 1F09C0102B19B004009819C1 /* XCRemoteSwiftPackageReference "swift-composable-architecture" */;
			productName = ComposableArchitecture;
		};
/* End XCSwiftPackageProductDependency section */
	};
	rootObject = 1F09BFDB2B19AFBD009819C1 /* Project object */;
}
